Microsoft Visual Studio Solution File, Format Version 12.00
# Visual Studio Version 17
VisualStudioVersion = 17.4.33213.308
MinimumVisualStudioVersion = 10.0.40219.1
Project("{9A19103F-16F7-4668-BE54-9A1E7A4F7556}") = "ProductApi", "ProductApi\ProductApi.csproj", "{1AB07F84-B486-4705-9F0B-425D2EE530E8}"
EndProject
Project("{9A19103F-16F7-4668-BE54-9A1E7A4F7556}") = "OrderApi", "OrderApi\OrderApi.csproj", "{559DB926-84A6-4388-A849-138C85B00412}"
EndProject
Project("{9A19103F-16F7-4668-BE54-9A1E7A4F7556}") = "CustomerApi", "CustomerApi\CustomerApi.csproj", "{95DF2D33-F226-4CBE-8D84-0E800C251F0D}"
EndProject
Project("{FAE04EC0-301F-11D3-BF4B-00C04F79EFBC}") = "SharedModels", "SharedModels\SharedModels.csproj", "{EA1545B6-DA08-484F-9A96-F7B81DBFC466}"
EndProject
Global
	GlobalSection(SolutionConfigurationPlatforms) = preSolution
		Debug|Any CPU = Debug|Any CPU
		Release|Any CPU = Release|Any CPU
	EndGlobalSection
	GlobalSection(ProjectConfigurationPlatforms) = postSolution
		{1AB07F84-B486-4705-9F0B-425D2EE530E8}.Debug|Any CPU.ActiveCfg = Debug|Any CPU
		{1AB07F84-B486-4705-9F0B-425D2EE530E8}.Debug|Any CPU.Build.0 = Debug|Any CPU
		{1AB07F84-B486-4705-9F0B-425D2EE530E8}.Release|Any CPU.ActiveCfg = Release|Any CPU
		{1AB07F84-B486-4705-9F0B-425D2EE530E8}.Release|Any CPU.Build.0 = Release|Any CPU
		{559DB926-84A6-4388-A849-138C85B00412}.Debug|Any CPU.ActiveCfg = Debug|Any CPU
		{559DB926-84A6-4388-A849-138C85B00412}.Debug|Any CPU.Build.0 = Debug|Any CPU
		{559DB926-84A6-4388-A849-138C85B00412}.Release|Any CPU.ActiveCfg = Release|Any CPU
		{559DB926-84A6-4388-A849-138C85B00412}.Release|Any CPU.Build.0 = Release|Any CPU
		{95DF2D33-F226-4CBE-8D84-0E800C251F0D}.Debug|Any CPU.ActiveCfg = Debug|Any CPU
		{95DF2D33-F226-4CBE-8D84-0E800C251F0D}.Debug|Any CPU.Build.0 = Debug|Any CPU
		{95DF2D33-F226-4CBE-8D84-0E800C251F0D}.Release|Any CPU.ActiveCfg = Release|Any CPU
		{95DF2D33-F226-4CBE-8D84-0E800C251F0D}.Release|Any CPU.Build.0 = Release|Any CPU
		{EA1545B6-DA08-484F-9A96-F7B81DBFC466}.Debug|Any CPU.ActiveCfg = Debug|Any CPU
		{EA1545B6-DA08-484F-9A96-F7B81DBFC466}.Debug|Any CPU.Build.0 = Debug|Any CPU
		{EA1545B6-DA08-484F-9A96-F7B81DBFC466}.Release|Any CPU.ActiveCfg = Release|Any CPU
		{EA1545B6-DA08-484F-9A96-F7B81DBFC466}.Release|Any CPU.Build.0 = Release|Any CPU
	EndGlobalSection
	GlobalSection(SolutionProperties) = preSolution
		HideSolutionNode = FALSE
	EndGlobalSection
	GlobalSection(ExtensibilityGlobals) = postSolution
		SolutionGuid = {9080032A-F30C-4101-AF20-A21B93A62F63}
	EndGlobalSection
EndGlobal
